
Microsoft Visual Studio Solution File, Format Version 12.00
# Visual Studio Version 17
VisualStudioVersion = 17.8.34511.84
MinimumVisualStudioVersion = 10.0.40219.1
Project("{8BC9CEB8-8B4A-11D0-8D11-00A0C91BC942}") = "Sandbox", "Sandbox\Sandbox.vcxproj", "{1D689817-3A73-4231-9624-BBCD22EEA0F6}"
EndProject
Project("{8BC9CEB8-8B4A-11D0-8D11-00A0C91BC942}") = "FURYEngine", "FURYEngine\FURYEngine.vcxproj", "{36660439-E1B9-48FE-8C31-9191B672884D}"
EndProject
Global
	GlobalSection(SolutionConfigurationPlatforms) = preSolution
		Debug|x64 = Debug|x64
		Release|x64 = Release|x64
	EndGlobalSection
	GlobalSection(ProjectConfigurationPlatforms) = postSolution
		{36660439-E1B9-48FE-8C31-9191B672884D}.Debug|x64.ActiveCfg = Debug|x64
		{36660439-E1B9-48FE-8C31-9191B672884D}.Debug|x64.Build.0 = Debug|x64
		{36660439-E1B9-48FE-8C31-9191B672884D}.Release|x64.ActiveCfg = Release|x64
		{36660439-E1B9-48FE-8C31-9191B672884D}.Release|x64.Build.0 = Release|x64
		{1D689817-3A73-4231-9624-BBCD22EEA0F6}.Debug|x64.ActiveCfg = Debug|x64
		{1D689817-3A73-4231-9624-BBCD22EEA0F6}.Debug|x64.Build.0 = Debug|x64
		{1D689817-3A73-4231-9624-BBCD22EEA0F6}.Release|x64.ActiveCfg = Release|x64
		{1D689817-3A73-4231-9624-BBCD22EEA0F6}.Release|x64.Build.0 = Release|x64
	EndGlobalSection
	GlobalSection(SolutionProperties) = preSolution
		HideSolutionNode = FALSE
	EndGlobalSection
	GlobalSection(ExtensibilityGlobals) = postSolution
		SolutionGuid = {EC57C65D-587E-4D84-A780-CFD12F059D3B}
	EndGlobalSection
EndGlobal
